// !$*UTF8*$!
{
	archiveVersion = 1;
	classes = {
	};
	objectVersion = 55;
	objects = {

/* Begin PBXBuildFile section */
		BC0AB13128CDBBD4008556AE /* SettingsViewController.swift in Sources */ = {isa = PBXBuildFile; fileRef = BC0AB13028CDBBD4008556AE /* SettingsViewController.swift */; };
		BC0AB13328CDBE5C008556AE /* SettingsCollectionViewCell.swift in Sources */ = {isa = PBXBuildFile; fileRef = BC0AB13228CDBE5B008556AE /* SettingsCollectionViewCell.swift */; };
		BC0AB13628CDE679008556AE /* LaunchViewController.swift in Sources */ = {isa = PBXBuildFile; fileRef = BC0AB13528CDE679008556AE /* LaunchViewController.swift */; };
		BC0AB13828CDE730008556AE /* LaunchCollectionViewCell.swift in Sources */ = {isa = PBXBuildFile; fileRef = BC0AB13728CDE730008556AE /* LaunchCollectionViewCell.swift */; };
		BC6277EA28D338D600F5E133 /* SettingsPresenter.swift in Sources */ = {isa = PBXBuildFile; fileRef = BC6277E928D338D600F5E133 /* SettingsPresenter.swift */; };
		BC6277ED28D377C700F5E133 /* UserDefaults.swift in Sources */ = {isa = PBXBuildFile; fileRef = BC6277EC28D377C700F5E133 /* UserDefaults.swift */; };
		BC6277EF28D377EA00F5E133 /* UserDefaultKey.swift in Sources */ = {isa = PBXBuildFile; fileRef = BC6277EE28D377EA00F5E133 /* UserDefaultKey.swift */; };
		BC6277F128D3780E00F5E133 /* UserDefaultsStorage.swift in Sources */ = {isa = PBXBuildFile; fileRef = BC6277F028D3780E00F5E133 /* UserDefaultsStorage.swift */; };
		BC84B5D728BD169900D877CC /* AppDelegate.swift in Sources */ = {isa = PBXBuildFile; fileRef = BC84B5D628BD169900D877CC /* AppDelegate.swift */; };
		BC84B5DB28BD169900D877CC /* RocketViewController.swift in Sources */ = {isa = PBXBuildFile; fileRef = BC84B5DA28BD169900D877CC /* RocketViewController.swift */; };
		BC84B5E028BD16A000D877CC /* Assets.xcassets in Resources */ = {isa = PBXBuildFile; fileRef = BC84B5DF28BD16A000D877CC /* Assets.xcassets */; };
		BC84B5E328BD16A000D877CC /* LaunchScreen.storyboard in Resources */ = {isa = PBXBuildFile; fileRef = BC84B5E128BD16A000D877CC /* LaunchScreen.storyboard */; };
		BC84B5F128BD179400D877CC /* Alamofire in Frameworks */ = {isa = PBXBuildFile; productRef = BC84B5F028BD179400D877CC /* Alamofire */; };
		BC84B5F428BD188500D877CC /* SnapKit in Frameworks */ = {isa = PBXBuildFile; productRef = BC84B5F328BD188500D877CC /* SnapKit */; };
		BC84B5F728BD3F5B00D877CC /* Rocket.swift in Sources */ = {isa = PBXBuildFile; fileRef = BC84B5F628BD3F5B00D877CC /* Rocket.swift */; };
		BC84B5FA28BD40E200D877CC /* Diameter.swift in Sources */ = {isa = PBXBuildFile; fileRef = BC84B5F928BD40E200D877CC /* Diameter.swift */; };
		BC84B5FC28BD40FA00D877CC /* Engines.swift in Sources */ = {isa = PBXBuildFile; fileRef = BC84B5FB28BD40FA00D877CC /* Engines.swift */; };
		BC84B5FE28BD411600D877CC /* ISP.swift in Sources */ = {isa = PBXBuildFile; fileRef = BC84B5FD28BD411600D877CC /* ISP.swift */; };
		BC84B60028BD412B00D877CC /* Thrust.swift in Sources */ = {isa = PBXBuildFile; fileRef = BC84B5FF28BD412B00D877CC /* Thrust.swift */; };
		BC84B60228BD414600D877CC /* Stages.swift in Sources */ = {isa = PBXBuildFile; fileRef = BC84B60128BD414600D877CC /* Stages.swift */; };
		BC84B60428BD416C00D877CC /* LandingLegs.swift in Sources */ = {isa = PBXBuildFile; fileRef = BC84B60328BD416C00D877CC /* LandingLegs.swift */; };
		BC84B60628BD418700D877CC /* Mass.swift in Sources */ = {isa = PBXBuildFile; fileRef = BC84B60528BD418700D877CC /* Mass.swift */; };
		BC84B60928BD434400D877CC /* NetworkManager.swift in Sources */ = {isa = PBXBuildFile; fileRef = BC84B60828BD434400D877CC /* NetworkManager.swift */; };
		BC84B60B28BD47CB00D877CC /* NetworkError.swift in Sources */ = {isa = PBXBuildFile; fileRef = BC84B60A28BD47CB00D877CC /* NetworkError.swift */; };
		BC84B61828BF46F100D877CC /* API.swift in Sources */ = {isa = PBXBuildFile; fileRef = BC84B61728BF46F100D877CC /* API.swift */; };
		BC84B61B28BF477E00D877CC /* Launch.swift in Sources */ = {isa = PBXBuildFile; fileRef = BC84B61A28BF477E00D877CC /* Launch.swift */; };
		BC84B62328BF5B7A00D877CC /* RocketView.swift in Sources */ = {isa = PBXBuildFile; fileRef = BC84B62228BF5B7A00D877CC /* RocketView.swift */; };
		BC84B62528BF8F7900D877CC /* RocketCollectionViewCell.swift in Sources */ = {isa = PBXBuildFile; fileRef = BC84B62428BF8F7800D877CC /* RocketCollectionViewCell.swift */; };
		BC84B62728C1082B00D877CC /* RocketTableViewCell.swift in Sources */ = {isa = PBXBuildFile; fileRef = BC84B62628C1082B00D877CC /* RocketTableViewCell.swift */; };
		BCDC2E8128CF3C4900309078 /* MainPageViewController.swift in Sources */ = {isa = PBXBuildFile; fileRef = BCDC2E8028CF3C4900309078 /* MainPageViewController.swift */; };
		BCDC2E8328CF3E9800309078 /* RocketPresenter.swift in Sources */ = {isa = PBXBuildFile; fileRef = BCDC2E8228CF3E9800309078 /* RocketPresenter.swift */; };
		BCDC2E8628CF3FB800309078 /* Router.swift in Sources */ = {isa = PBXBuildFile; fileRef = BCDC2E8528CF3FB800309078 /* Router.swift */; };
		BCDC2E8828CF400600309078 /* AssemblyBuilder.swift in Sources */ = {isa = PBXBuildFile; fileRef = BCDC2E8728CF400600309078 /* AssemblyBuilder.swift */; };
		BCDC2E8A28CF482500309078 /* MainPagePresenter.swift in Sources */ = {isa = PBXBuildFile; fileRef = BCDC2E8928CF482500309078 /* MainPagePresenter.swift */; };
		BCDC2E9028CFCF8B00309078 /* Nuke in Frameworks */ = {isa = PBXBuildFile; productRef = BCDC2E8F28CFCF8B00309078 /* Nuke */; };
		BCDC2E9228D0D2D700309078 /* LaunchPresenter.swift in Sources */ = {isa = PBXBuildFile; fileRef = BCDC2E9128D0D2D700309078 /* LaunchPresenter.swift */; };
/* End PBXBuildFile section */

/* Begin PBXFileReference section */
		BC0AB13028CDBBD4008556AE /* SettingsViewController.swift */ = {isa = PBXFileReference; lastKnownFileType = sourcecode.swift; path = SettingsViewController.swift; sourceTree = "<group>"; };
		BC0AB13228CDBE5B008556AE /* SettingsCollectionViewCell.swift */ = {isa = PBXFileReference; lastKnownFileType = sourcecode.swift; path = SettingsCollectionViewCell.swift; sourceTree = "<group>"; };
		BC0AB13528CDE679008556AE /* LaunchViewController.swift */ = {isa = PBXFileReference; lastKnownFileType = sourcecode.swift; path = LaunchViewController.swift; sourceTree = "<group>"; };
		BC0AB13728CDE730008556AE /* LaunchCollectionViewCell.swift */ = {isa = PBXFileReference; lastKnownFileType = sourcecode.swift; path = LaunchCollectionViewCell.swift; sourceTree = "<group>"; };
		BC6277E928D338D600F5E133 /* SettingsPresenter.swift */ = {isa = PBXFileReference; lastKnownFileType = sourcecode.swift; path = SettingsPresenter.swift; sourceTree = "<group>"; };
		BC6277EC28D377C700F5E133 /* UserDefaults.swift */ = {isa = PBXFileReference; lastKnownFileType = sourcecode.swift; path = UserDefaults.swift; sourceTree = "<group>"; };
		BC6277EE28D377EA00F5E133 /* UserDefaultKey.swift */ = {isa = PBXFileReference; lastKnownFileType = sourcecode.swift; path = UserDefaultKey.swift; sourceTree = "<group>"; };
		BC6277F028D3780E00F5E133 /* UserDefaultsStorage.swift */ = {isa = PBXFileReference; lastKnownFileType = sourcecode.swift; path = UserDefaultsStorage.swift; sourceTree = "<group>"; };
		BC84B5D328BD169800D877CC /* SpaceX.app */ = {isa = PBXFileReference; explicitFileType = wrapper.application; includeInIndex = 0; path = SpaceX.app; sourceTree = BUILT_PRODUCTS_DIR; };
		BC84B5D628BD169900D877CC /* AppDelegate.swift */ = {isa = PBXFileReference; lastKnownFileType = sourcecode.swift; path = AppDelegate.swift; sourceTree = "<group>"; };
		BC84B5DA28BD169900D877CC /* RocketViewController.swift */ = {isa = PBXFileReference; lastKnownFileType = sourcecode.swift; path = RocketViewController.swift; sourceTree = "<group>"; };
		BC84B5DF28BD16A000D877CC /* Assets.xcassets */ = {isa = PBXFileReference; lastKnownFileType = folder.assetcatalog; path = Assets.xcassets; sourceTree = "<group>"; };
		BC84B5E228BD16A000D877CC /* Base */ = {isa = PBXFileReference; lastKnownFileType = file.storyboard; name = Base; path = Base.lproj/LaunchScreen.storyboard; sourceTree = "<group>"; };
		BC84B5E428BD16A000D877CC /* Info.plist */ = {isa = PBXFileReference; lastKnownFileType = text.plist.xml; path = Info.plist; sourceTree = "<group>"; };
		BC84B5F628BD3F5B00D877CC /* Rocket.swift */ = {isa = PBXFileReference; lastKnownFileType = sourcecode.swift; path = Rocket.swift; sourceTree = "<group>"; };
		BC84B5F928BD40E200D877CC /* Diameter.swift */ = {isa = PBXFileReference; lastKnownFileType = sourcecode.swift; path = Diameter.swift; sourceTree = "<group>"; };
		BC84B5FB28BD40FA00D877CC /* Engines.swift */ = {isa = PBXFileReference; lastKnownFileType = sourcecode.swift; path = Engines.swift; sourceTree = "<group>"; };
		BC84B5FD28BD411600D877CC /* ISP.swift */ = {isa = PBXFileReference; lastKnownFileType = sourcecode.swift; path = ISP.swift; sourceTree = "<group>"; };
		BC84B5FF28BD412B00D877CC /* Thrust.swift */ = {isa = PBXFileReference; lastKnownFileType = sourcecode.swift; path = Thrust.swift; sourceTree = "<group>"; };
		BC84B60128BD414600D877CC /* Stages.swift */ = {isa = PBXFileReference; lastKnownFileType = sourcecode.swift; path = Stages.swift; sourceTree = "<group>"; };
		BC84B60328BD416C00D877CC /* LandingLegs.swift */ = {isa = PBXFileReference; lastKnownFileType = sourcecode.swift; path = LandingLegs.swift; sourceTree = "<group>"; };
		BC84B60528BD418700D877CC /* Mass.swift */ = {isa = PBXFileReference; lastKnownFileType = sourcecode.swift; path = Mass.swift; sourceTree = "<group>"; };
		BC84B60828BD434400D877CC /* NetworkManager.swift */ = {isa = PBXFileReference; lastKnownFileType = sourcecode.swift; path = NetworkManager.swift; sourceTree = "<group>"; };
		BC84B60A28BD47CB00D877CC /* NetworkError.swift */ = {isa = PBXFileReference; lastKnownFileType = sourcecode.swift; path = NetworkError.swift; sourceTree = "<group>"; };
		BC84B61728BF46F100D877CC /* API.swift */ = {isa = PBXFileReference; lastKnownFileType = sourcecode.swift; path = API.swift; sourceTree = "<group>"; };
		BC84B61A28BF477E00D877CC /* Launch.swift */ = {isa = PBXFileReference; lastKnownFileType = sourcecode.swift; path = Launch.swift; sourceTree = "<group>"; };
		BC84B62228BF5B7A00D877CC /* RocketView.swift */ = {isa = PBXFileReference; lastKnownFileType = sourcecode.swift; path = RocketView.swift; sourceTree = "<group>"; };
		BC84B62428BF8F7800D877CC /* RocketCollectionViewCell.swift */ = {isa = PBXFileReference; lastKnownFileType = sourcecode.swift; path = RocketCollectionViewCell.swift; sourceTree = "<group>"; };
		BC84B62628C1082B00D877CC /* RocketTableViewCell.swift */ = {isa = PBXFileReference; lastKnownFileType = sourcecode.swift; path = RocketTableViewCell.swift; sourceTree = "<group>"; };
		BCDC2E8028CF3C4900309078 /* MainPageViewController.swift */ = {isa = PBXFileReference; lastKnownFileType = sourcecode.swift; path = MainPageViewController.swift; sourceTree = "<group>"; };
		BCDC2E8228CF3E9800309078 /* RocketPresenter.swift */ = {isa = PBXFileReference; lastKnownFileType = sourcecode.swift; path = RocketPresenter.swift; sourceTree = "<group>"; };
		BCDC2E8528CF3FB800309078 /* Router.swift */ = {isa = PBXFileReference; lastKnownFileType = sourcecode.swift; path = Router.swift; sourceTree = "<group>"; };
		BCDC2E8728CF400600309078 /* AssemblyBuilder.swift */ = {isa = PBXFileReference; lastKnownFileType = sourcecode.swift; path = AssemblyBuilder.swift; sourceTree = "<group>"; };
		BCDC2E8928CF482500309078 /* MainPagePresenter.swift */ = {isa = PBXFileReference; lastKnownFileType = sourcecode.swift; path = MainPagePresenter.swift; sourceTree = "<group>"; };
		BCDC2E9128D0D2D700309078 /* LaunchPresenter.swift */ = {isa = PBXFileReference; lastKnownFileType = sourcecode.swift; path = LaunchPresenter.swift; sourceTree = "<group>"; };
/* End PBXFileReference section */

/* Begin PBXFrameworksBuildPhase section */
		BC84B5D028BD169800D877CC /* Frameworks */ = {
			isa = PBXFrameworksBuildPhase;
			buildActionMask = 2147483647;
			files = (
				BCDC2E9028CFCF8B00309078 /* Nuke in Frameworks */,
				BC84B5F128BD179400D877CC /* Alamofire in Frameworks */,
				BC84B5F428BD188500D877CC /* SnapKit in Frameworks */,
			);
			runOnlyForDeploymentPostprocessing = 0;
		};
/* End PBXFrameworksBuildPhase section */

/* Begin PBXGroup section */
		BC0AB12F28CDB84C008556AE /* SettingsFlow */ = {
			isa = PBXGroup;
			children = (
				BC0AB13028CDBBD4008556AE /* SettingsViewController.swift */,
				BC0AB13228CDBE5B008556AE /* SettingsCollectionViewCell.swift */,
			);
			path = SettingsFlow;
			sourceTree = "<group>";
		};
		BC0AB13428CDE65D008556AE /* LaunchFlow */ = {
			isa = PBXGroup;
			children = (
				BC0AB13528CDE679008556AE /* LaunchViewController.swift */,
				BC0AB13728CDE730008556AE /* LaunchCollectionViewCell.swift */,
			);
			path = LaunchFlow;
			sourceTree = "<group>";
		};
		BC6277EB28D377B700F5E133 /* UserDefaults */ = {
			isa = PBXGroup;
			children = (
				BC6277EC28D377C700F5E133 /* UserDefaults.swift */,
				BC6277EE28D377EA00F5E133 /* UserDefaultKey.swift */,
				BC6277F028D3780E00F5E133 /* UserDefaultsStorage.swift */,
			);
			path = UserDefaults;
			sourceTree = "<group>";
		};
		BC84B5CA28BD169800D877CC = {
			isa = PBXGroup;
			children = (
				BC84B5D528BD169800D877CC /* SpaceX */,
				BC84B5D428BD169800D877CC /* Products */,
			);
			sourceTree = "<group>";
		};
		BC84B5D428BD169800D877CC /* Products */ = {
			isa = PBXGroup;
			children = (
				BC84B5D328BD169800D877CC /* SpaceX.app */,
			);
			name = Products;
			sourceTree = "<group>";
		};
		BC84B5D528BD169800D877CC /* SpaceX */ = {
			isa = PBXGroup;
			children = (
				BC84B5F528BD3F1900D877CC /* Models */,
				BC84B61F28BF4E8000D877CC /* Presenter */,
				BC84B61C28BF4E4500D877CC /* Views */,
				BC84B61E28BF4E5C00D877CC /* SupportFiles */,
				BC84B5E428BD16A000D877CC /* Info.plist */,
			);
			path = SpaceX;
			sourceTree = "<group>";
		};
		BC84B5F528BD3F1900D877CC /* Models */ = {
			isa = PBXGroup;
			children = (
				BC6277EB28D377B700F5E133 /* UserDefaults */,
				BC84B60728BD432500D877CC /* Network */,
			);
			path = Models;
			sourceTree = "<group>";
		};
		BC84B5F828BD40BD00D877CC /* Rocket */ = {
			isa = PBXGroup;
			children = (
				BC84B5F628BD3F5B00D877CC /* Rocket.swift */,
				BC84B5F928BD40E200D877CC /* Diameter.swift */,
				BC84B5FB28BD40FA00D877CC /* Engines.swift */,
				BC84B5FD28BD411600D877CC /* ISP.swift */,
				BC84B5FF28BD412B00D877CC /* Thrust.swift */,
				BC84B60128BD414600D877CC /* Stages.swift */,
				BC84B60328BD416C00D877CC /* LandingLegs.swift */,
				BC84B60528BD418700D877CC /* Mass.swift */,
			);
			path = Rocket;
			sourceTree = "<group>";
		};
		BC84B60728BD432500D877CC /* Network */ = {
			isa = PBXGroup;
			children = (
				BC84B61928BF474A00D877CC /* Launch */,
				BC84B5F828BD40BD00D877CC /* Rocket */,
				BC84B60828BD434400D877CC /* NetworkManager.swift */,
				BC84B60A28BD47CB00D877CC /* NetworkError.swift */,
				BC84B61728BF46F100D877CC /* API.swift */,
			);
			path = Network;
			sourceTree = "<group>";
		};
		BC84B61928BF474A00D877CC /* Launch */ = {
			isa = PBXGroup;
			children = (
				BC84B61A28BF477E00D877CC /* Launch.swift */,
			);
			path = Launch;
			sourceTree = "<group>";
		};
		BC84B61C28BF4E4500D877CC /* Views */ = {
			isa = PBXGroup;
			children = (
				BCDC2E7F28CF3C2700309078 /* MainPage */,
				BC0AB13428CDE65D008556AE /* LaunchFlow */,
				BC0AB12F28CDB84C008556AE /* SettingsFlow */,
				BC84B61D28BF4E4E00D877CC /* RocketFlow */,
			);
			path = Views;
			sourceTree = "<group>";
		};
		BC84B61D28BF4E4E00D877CC /* RocketFlow */ = {
			isa = PBXGroup;
			children = (
				BC84B62128BF5B2000D877CC /* Cells */,
				BC84B62028BF5B1600D877CC /* Views */,
				BC84B5DA28BD169900D877CC /* RocketViewController.swift */,
			);
			path = RocketFlow;
			sourceTree = "<group>";
		};
		BC84B61E28BF4E5C00D877CC /* SupportFiles */ = {
			isa = PBXGroup;
			children = (
				BC84B5D628BD169900D877CC /* AppDelegate.swift */,
				BC84B5DF28BD16A000D877CC /* Assets.xcassets */,
				BC84B5E128BD16A000D877CC /* LaunchScreen.storyboard */,
			);
			path = SupportFiles;
			sourceTree = "<group>";
		};
		BC84B61F28BF4E8000D877CC /* Presenter */ = {
			isa = PBXGroup;
			children = (
				BCDC2E8428CF3FA200309078 /* Router */,
				BCDC2E8228CF3E9800309078 /* RocketPresenter.swift */,
				BCDC2E8928CF482500309078 /* MainPagePresenter.swift */,
				BCDC2E9128D0D2D700309078 /* LaunchPresenter.swift */,
				BC6277E928D338D600F5E133 /* SettingsPresenter.swift */,
			);
			path = Presenter;
			sourceTree = "<group>";
		};
		BC84B62028BF5B1600D877CC /* Views */ = {
			isa = PBXGroup;
			children = (
				BC84B62228BF5B7A00D877CC /* RocketView.swift */,
			);
			path = Views;
			sourceTree = "<group>";
		};
		BC84B62128BF5B2000D877CC /* Cells */ = {
			isa = PBXGroup;
			children = (
				BC84B62428BF8F7800D877CC /* RocketCollectionViewCell.swift */,
				BC84B62628C1082B00D877CC /* RocketTableViewCell.swift */,
			);
			path = Cells;
			sourceTree = "<group>";
		};
		BCDC2E7F28CF3C2700309078 /* MainPage */ = {
			isa = PBXGroup;
			children = (
				BCDC2E8028CF3C4900309078 /* MainPageViewController.swift */,
			);
			path = MainPage;
			sourceTree = "<group>";
		};
		BCDC2E8428CF3FA200309078 /* Router */ = {
			isa = PBXGroup;
			children = (
				BCDC2E8528CF3FB800309078 /* Router.swift */,
				BCDC2E8728CF400600309078 /* AssemblyBuilder.swift */,
			);
			path = Router;
			sourceTree = "<group>";
		};
/* End PBXGroup section */

/* Begin PBXNativeTarget section */
		BC84B5D228BD169800D877CC /* SpaceX */ = {
			isa = PBXNativeTarget;
			buildConfigurationList = BC84B5E728BD16A000D877CC /* Build configuration list for PBXNativeTarget "SpaceX" */;
			buildPhases = (
				BC84B5CF28BD169800D877CC /* Sources */,
				BC84B5D028BD169800D877CC /* Frameworks */,
				BC84B5D128BD169800D877CC /* Resources */,
			);
			buildRules = (
			);
			dependencies = (
			);
			name = SpaceX;
			packageProductDependencies = (
				BC84B5F028BD179400D877CC /* Alamofire */,
				BC84B5F328BD188500D877CC /* SnapKit */,
				BCDC2E8F28CFCF8B00309078 /* Nuke */,
			);
			productName = SpaceX;
			productReference = BC84B5D328BD169800D877CC /* SpaceX.app */;
			productType = "com.apple.product-type.application";
		};
/* End PBXNativeTarget section */

/* Begin PBXProject section */
		BC84B5CB28BD169800D877CC /* Project object */ = {
			isa = PBXProject;
			attributes = {
				BuildIndependentTargetsInParallel = 1;
				LastSwiftUpdateCheck = 1320;
				LastUpgradeCheck = 1320;
				TargetAttributes = {
					BC84B5D228BD169800D877CC = {
						CreatedOnToolsVersion = 13.2.1;
					};
				};
			};
			buildConfigurationList = BC84B5CE28BD169800D877CC /* Build configuration list for PBXProject "SpaceX" */;
			compatibilityVersion = "Xcode 13.0";
			developmentRegion = en;
			hasScannedForEncodings = 0;
			knownRegions = (
				en,
				Base,
			);
			mainGroup = BC84B5CA28BD169800D877CC;
			packageReferences = (
				BC84B5EF28BD179400D877CC /* XCRemoteSwiftPackageReference "Alamofire" */,
				BC84B5F228BD188500D877CC /* XCRemoteSwiftPackageReference "SnapKit" */,
				BCDC2E8E28CFCF8B00309078 /* XCRemoteSwiftPackageReference "Nuke" */,
			);
			productRefGroup = BC84B5D428BD169800D877CC /* Products */;
			projectDirPath = "";
			projectRoot = "";
			targets = (
				BC84B5D228BD169800D877CC /* SpaceX */,
			);
		};
/* End PBXProject section */

/* Begin PBXResourcesBuildPhase section */
		BC84B5D128BD169800D877CC /* Resources */ = {
			isa = PBXResourcesBuildPhase;
			buildActionMask = 2147483647;
			files = (
				BC84B5E328BD16A000D877CC /* LaunchScreen.storyboard in Resources */,
				BC84B5E028BD16A000D877CC /* Assets.xcassets in Resources */,
			);
			runOnlyForDeploymentPostprocessing = 0;
		};
/* End PBXResourcesBuildPhase section */

/* Begin PBXSourcesBuildPhase section */
		BC84B5CF28BD169800D877CC /* Sources */ = {
			isa = PBXSourcesBuildPhase;
			buildActionMask = 2147483647;
			files = (
				BC6277ED28D377C700F5E133 /* UserDefaults.swift in Sources */,
				BC84B62528BF8F7900D877CC /* RocketCollectionViewCell.swift in Sources */,
				BCDC2E8828CF400600309078 /* AssemblyBuilder.swift in Sources */,
				BC84B60928BD434400D877CC /* NetworkManager.swift in Sources */,
				BCDC2E8628CF3FB800309078 /* Router.swift in Sources */,
				BC0AB13328CDBE5C008556AE /* SettingsCollectionViewCell.swift in Sources */,
				BC84B5DB28BD169900D877CC /* RocketViewController.swift in Sources */,
				BCDC2E8128CF3C4900309078 /* MainPageViewController.swift in Sources */,
				BC84B60028BD412B00D877CC /* Thrust.swift in Sources */,
				BC84B61828BF46F100D877CC /* API.swift in Sources */,
				BC0AB13128CDBBD4008556AE /* SettingsViewController.swift in Sources */,
				BCDC2E8328CF3E9800309078 /* RocketPresenter.swift in Sources */,
				BC84B5D728BD169900D877CC /* AppDelegate.swift in Sources */,
				BC84B5FA28BD40E200D877CC /* Diameter.swift in Sources */,
				BC84B60428BD416C00D877CC /* LandingLegs.swift in Sources */,
				BC84B61B28BF477E00D877CC /* Launch.swift in Sources */,
				BCDC2E9228D0D2D700309078 /* LaunchPresenter.swift in Sources */,
				BC84B5FC28BD40FA00D877CC /* Engines.swift in Sources */,
				BC84B5FE28BD411600D877CC /* ISP.swift in Sources */,
				BC84B62728C1082B00D877CC /* RocketTableViewCell.swift in Sources */,
				BC84B5F728BD3F5B00D877CC /* Rocket.swift in Sources */,
				BC84B60228BD414600D877CC /* Stages.swift in Sources */,
				BC84B60B28BD47CB00D877CC /* NetworkError.swift in Sources */,
				BCDC2E8A28CF482500309078 /* MainPagePresenter.swift in Sources */,
				BC0AB13828CDE730008556AE /* LaunchCollectionViewCell.swift in Sources */,
				BC84B60628BD418700D877CC /* Mass.swift in Sources */,
				BC84B62328BF5B7A00D877CC /* RocketView.swift in Sources */,
				BC0AB13628CDE679008556AE /* LaunchViewController.swift in Sources */,
				BC6277F128D3780E00F5E133 /* UserDefaultsStorage.swift in Sources */,
				BC6277EF28D377EA00F5E133 /* UserDefaultKey.swift in Sources */,
				BC6277EA28D338D600F5E133 /* SettingsPresenter.swift in Sources */,
			);
			runOnlyForDeploymentPostprocessing = 0;
		};
/* End PBXSourcesBuildPhase section */

/* Begin PBXVariantGroup section */
		BC84B5E128BD16A000D877CC /* LaunchScreen.storyboard */ = {
			isa = PBXVariantGroup;
			children = (
				BC84B5E228BD16A000D877CC /* Base */,
			);
			name = LaunchScreen.storyboard;
			sourceTree = "<group>";
		};
/* End PBXVariantGroup section */

/* Begin XCBuildConfiguration section */
		BC84B5E528BD16A000D877CC /* Debug */ = {
			isa = XCBuildConfiguration;
			buildSettings = {
				ALWAYS_SEARCH_USER_PATHS = NO;
				CLANG_ANALYZER_NONNULL = YES;
				CLANG_ANALYZER_NUMBER_OBJECT_CONVERSION = YES_AGGRESSIVE;
				CLANG_CXX_LANGUAGE_STANDARD = "gnu++17";
				CLANG_CXX_LIBRARY = "libc++";
				CLANG_ENABLE_MODULES = YES;
				CLANG_ENABLE_OBJC_ARC = YES;
				CLANG_ENABLE_OBJC_WEAK = YES;
				CLANG_WARN_BLOCK_CAPTURE_AUTORELEASING = YES;
				CLANG_WARN_BOOL_CONVERSION = YES;
				CLANG_WARN_COMMA = YES;
				CLANG_WARN_CONSTANT_CONVERSION = YES;
				CLANG_WARN_DEPRECATED_OBJC_IMPLEMENTATIONS = YES;
				CLANG_WARN_DIRECT_OBJC_ISA_USAGE = YES_ERROR;
				CLANG_WARN_DOCUMENTATION_COMMENTS = YES;
				CLANG_WARN_EMPTY_BODY = YES;
				CLANG_WARN_ENUM_CONVERSION = YES;
				CLANG_WARN_INFINITE_RECURSION = YES;
				CLANG_WARN_INT_CONVERSION = YES;
				CLANG_WARN_NON_LITERAL_NULL_CONVERSION = YES;
				CLANG_WARN_OBJC_IMPLICIT_RETAIN_SELF = YES;
				CLANG_WARN_OBJC_LITERAL_CONVERSION = YES;
				CLANG_WARN_OBJC_ROOT_CLASS = YES_ERROR;
				CLANG_WARN_QUOTED_INCLUDE_IN_FRAMEWORK_HEADER = YES;
				CLANG_WARN_RANGE_LOOP_ANALYSIS = YES;
				CLANG_WARN_STRICT_PROTOTYPES = YES;
				CLANG_WARN_SUSPICIOUS_MOVE = YES;
				CLANG_WARN_UNGUARDED_AVAILABILITY = YES_AGGRESSIVE;
				CLANG_WARN_UNREACHABLE_CODE = YES;
				CLANG_WARN__DUPLICATE_METHOD_MATCH = YES;
				COPY_PHASE_STRIP = NO;
				DEBUG_INFORMATION_FORMAT = dwarf;
				ENABLE_STRICT_OBJC_MSGSEND = YES;
				ENABLE_TESTABILITY = YES;
				GCC_C_LANGUAGE_STANDARD = gnu11;
				GCC_DYNAMIC_NO_PIC = NO;
				GCC_NO_COMMON_BLOCKS = YES;
				GCC_OPTIMIZATION_LEVEL = 0;
				GCC_PREPROCESSOR_DEFINITIONS = (
					"DEBUG=1",
					"$(inherited)",
				);
				GCC_WARN_64_TO_32_BIT_CONVERSION = YES;
				GCC_WARN_ABOUT_RETURN_TYPE = YES_ERROR;
				GCC_WARN_UNDECLARED_SELECTOR = YES;
				GCC_WARN_UNINITIALIZED_AUTOS = YES_AGGRESSIVE;
				GCC_WARN_UNUSED_FUNCTION = YES;
				GCC_WARN_UNUSED_VARIABLE = YES;
				IPHONEOS_DEPLOYMENT_TARGET = 15.2;
				MTL_ENABLE_DEBUG_INFO = INCLUDE_SOURCE;
				MTL_FAST_MATH = YES;
				ONLY_ACTIVE_ARCH = YES;
				SDKROOT = iphoneos;
				SWIFT_ACTIVE_COMPILATION_CONDITIONS = DEBUG;
				SWIFT_OPTIMIZATION_LEVEL = "-Onone";
			};
			name = Debug;
		};
		BC84B5E628BD16A000D877CC /* Release */ = {
			isa = XCBuildConfiguration;
			buildSettings = {
				ALWAYS_SEARCH_USER_PATHS = NO;
				CLANG_ANALYZER_NONNULL = YES;
				CLANG_ANALYZER_NUMBER_OBJECT_CONVERSION = YES_AGGRESSIVE;
				CLANG_CXX_LANGUAGE_STANDARD = "gnu++17";
				CLANG_CXX_LIBRARY = "libc++";
				CLANG_ENABLE_MODULES = YES;
				CLANG_ENABLE_OBJC_ARC = YES;
				CLANG_ENABLE_OBJC_WEAK = YES;
				CLANG_WARN_BLOCK_CAPTURE_AUTORELEASING = YES;
				CLANG_WARN_BOOL_CONVERSION = YES;
				CLANG_WARN_COMMA = YES;
				CLANG_WARN_CONSTANT_CONVERSION = YES;
				CLANG_WARN_DEPRECATED_OBJC_IMPLEMENTATIONS = YES;
				CLANG_WARN_DIRECT_OBJC_ISA_USAGE = YES_ERROR;
				CLANG_WARN_DOCUMENTATION_COMMENTS = YES;
				CLANG_WARN_EMPTY_BODY = YES;
				CLANG_WARN_ENUM_CONVERSION = YES;
				CLANG_WARN_INFINITE_RECURSION = YES;
				CLANG_WARN_INT_CONVERSION = YES;
				CLANG_WARN_NON_LITERAL_NULL_CONVERSION = YES;
				CLANG_WARN_OBJC_IMPLICIT_RETAIN_SELF = YES;
				CLANG_WARN_OBJC_LITERAL_CONVERSION = YES;
				CLANG_WARN_OBJC_ROOT_CLASS = YES_ERROR;
				CLANG_WARN_QUOTED_INCLUDE_IN_FRAMEWORK_HEADER = YES;
				CLANG_WARN_RANGE_LOOP_ANALYSIS = YES;
				CLANG_WARN_STRICT_PROTOTYPES = YES;
				CLANG_WARN_SUSPICIOUS_MOVE = YES;
				CLANG_WARN_UNGUARDED_AVAILABILITY = YES_AGGRESSIVE;
				CLANG_WARN_UNREACHABLE_CODE = YES;
				CLANG_WARN__DUPLICATE_METHOD_MATCH = YES;
				COPY_PHASE_STRIP = NO;
				DEBUG_INFORMATION_FORMAT = "dwarf-with-dsym";
				ENABLE_NS_ASSERTIONS = NO;
				ENABLE_STRICT_OBJC_MSGSEND = YES;
				GCC_C_LANGUAGE_STANDARD = gnu11;
				GCC_NO_COMMON_BLOCKS = YES;
				GCC_WARN_64_TO_32_BIT_CONVERSION = YES;
				GCC_WARN_ABOUT_RETURN_TYPE = YES_ERROR;
				GCC_WARN_UNDECLARED_SELECTOR = YES;
				GCC_WARN_UNINITIALIZED_AUTOS = YES_AGGRESSIVE;
				GCC_WARN_UNUSED_FUNCTION = YES;
				GCC_WARN_UNUSED_VARIABLE = YES;
				IPHONEOS_DEPLOYMENT_TARGET = 15.2;
				MTL_ENABLE_DEBUG_INFO = NO;
				MTL_FAST_MATH = YES;
				SDKROOT = iphoneos;
				SWIFT_COMPILATION_MODE = wholemodule;
				SWIFT_OPTIMIZATION_LEVEL = "-O";
				VALIDATE_PRODUCT = YES;
			};
			name = Release;
		};
		BC84B5E828BD16A000D877CC /* Debug */ = {
			isa = XCBuildConfiguration;
			buildSettings = {
				ASSETCATALOG_COMPILER_APPICON_NAME = AppIcon;
				ASSETCATALOG_COMPILER_GLOBAL_ACCENT_COLOR_NAME = AccentColor;
				CODE_SIGN_STYLE = Automatic;
				CURRENT_PROJECT_VERSION = 1;
				DEVELOPMENT_TEAM = 66MJ3YNVA6;
				GENERATE_INFOPLIST_FILE = YES;
				INFOPLIST_FILE = SpaceX/Info.plist;
				INFOPLIST_KEY_UIApplicationSupportsIndirectInputEvents = YES;
				INFOPLIST_KEY_UILaunchStoryboardName = LaunchScreen;
				INFOPLIST_KEY_UISupportedInterfaceOrientations = UIInterfaceOrientationPortrait;
				INFOPLIST_KEY_UISupportedInterfaceOrientations_iPad = "UIInterfaceOrientationPortrait UIInterfaceOrientationPortraitUpsideDown UIInterfaceOrientationLandscapeLeft UIInterfaceOrientationLandscapeRight";
				INFOPLIST_KEY_UISupportedInterfaceOrientations_iPhone = "UIInterfaceOrientationPortrait UIInterfaceOrientationLandscapeLeft UIInterfaceOrientationLandscapeRight";
				LD_RUNPATH_SEARCH_PATHS = (
					"$(inherited)",
					"@executable_path/Frameworks",
				);
				MARKETING_VERSION = 1.0;
				PRODUCT_BUNDLE_IDENTIFIER = SpaceX.tsvetkov.SpaceX;
				PRODUCT_NAME = "$(TARGET_NAME)";
				SWIFT_EMIT_LOC_STRINGS = YES;
				SWIFT_VERSION = 5.0;
				TARGETED_DEVICE_FAMILY = "1,2";
			};
			name = Debug;
		};
		BC84B5E928BD16A000D877CC /* Release */ = {
			isa = XCBuildConfiguration;
			buildSettings = {
				ASSETCATALOG_COMPILER_APPICON_NAME = AppIcon;
				ASSETCATALOG_COMPILER_GLOBAL_ACCENT_COLOR_NAME = AccentColor;
				CODE_SIGN_STYLE = Automatic;
				CURRENT_PROJECT_VERSION = 1;
				DEVELOPMENT_TEAM = 66MJ3YNVA6;
				GENERATE_INFOPLIST_FILE = YES;
				INFOPLIST_FILE = SpaceX/Info.plist;
				INFOPLIST_KEY_UIApplicationSupportsIndirectInputEvents = YES;
				INFOPLIST_KEY_UILaunchStoryboardName = LaunchScreen;
				INFOPLIST_KEY_UISupportedInterfaceOrientations = UIInterfaceOrientationPortrait;
				INFOPLIST_KEY_UISupportedInterfaceOrientations_iPad = "UIInterfaceOrientationPortrait UIInterfaceOrientationPortraitUpsideDown UIInterfaceOrientationLandscapeLeft UIInterfaceOrientationLandscapeRight";
				INFOPLIST_KEY_UISupportedInterfaceOrientations_iPhone = "UIInterfaceOrientationPortrait UIInterfaceOrientationLandscapeLeft UIInterfaceOrientationLandscapeRight";
				LD_RUNPATH_SEARCH_PATHS = (
					"$(inherited)",
					"@executable_path/Frameworks",
				);
				MARKETING_VERSION = 1.0;
				PRODUCT_BUNDLE_IDENTIFIER = SpaceX.tsvetkov.SpaceX;
				PRODUCT_NAME = "$(TARGET_NAME)";
				SWIFT_EMIT_LOC_STRINGS = YES;
				SWIFT_VERSION = 5.0;
				TARGETED_DEVICE_FAMILY = "1,2";
			};
			name = Release;
		};
/* End XCBuildConfiguration section */

/* Begin XCConfigurationList section */
		BC84B5CE28BD169800D877CC /* Build configuration list for PBXProject "SpaceX" */ = {
			isa = XCConfigurationList;
			buildConfigurations = (
				BC84B5E528BD16A000D877CC /* Debug */,
				BC84B5E628BD16A000D877CC /* Release */,
			);
			defaultConfigurationIsVisible = 0;
			defaultConfigurationName = Release;
		};
		BC84B5E728BD16A000D877CC /* Build configuration list for PBXNativeTarget "SpaceX" */ = {
			isa = XCConfigurationList;
			buildConfigurations = (
				BC84B5E828BD16A000D877CC /* Debug */,
				BC84B5E928BD16A000D877CC /* Release */,
			);
			defaultConfigurationIsVisible = 0;
			defaultConfigurationName = Release;
		};
/* End XCConfigurationList section */

/* Begin XCRemoteSwiftPackageReference section */
		BC84B5EF28BD179400D877CC /* XCRemoteSwiftPackageReference "Alamofire" */ = {
			isa = XCRemoteSwiftPackageReference;
			repositoryURL = "https://github.com/Alamofire/Alamofire.git";
			requirement = {
				kind = upToNextMajorVersion;
				minimumVersion = 5.0.0;
			};
		};
		BC84B5F228BD188500D877CC /* XCRemoteSwiftPackageReference "SnapKit" */ = {
			isa = XCRemoteSwiftPackageReference;
			repositoryURL = "https://github.com/SnapKit/SnapKit.git";
			requirement = {
				kind = upToNextMajorVersion;
				minimumVersion = 5.0.0;
			};
		};
		BCDC2E8E28CFCF8B00309078 /* XCRemoteSwiftPackageReference "Nuke" */ = {
			isa = XCRemoteSwiftPackageReference;
			repositoryURL = "https://github.com/kean/Nuke.git";
			requirement = {
				kind = upToNextMajorVersion;
				minimumVersion = 9.0.0;
			};
		};
/* End XCRemoteSwiftPackageReference section */

/* Begin XCSwiftPackageProductDependency section */
		BC84B5F028BD179400D877CC /* Alamofire */ = {
			isa = XCSwiftPackageProductDependency;
			package = BC84B5EF28BD179400D877CC /* XCRemoteSwiftPackageReference "Alamofire" */;
			productName = Alamofire;
		};
		BC84B5F328BD188500D877CC /* SnapKit */ = {
			isa = XCSwiftPackageProductDependency;
			package = BC84B5F228BD188500D877CC /* XCRemoteSwiftPackageReference "SnapKit" */;
			productName = SnapKit;
		};
		BCDC2E8F28CFCF8B00309078 /* Nuke */ = {
			isa = XCSwiftPackageProductDependency;
			package = BCDC2E8E28CFCF8B00309078 /* XCRemoteSwiftPackageReference "Nuke" */;
			productName = Nuke;
		};
/* End XCSwiftPackageProductDependency section */
	};
	rootObject = BC84B5CB28BD169800D877CC /* Project object */;
}
